
Microsoft Visual Studio Solution File, Format Version 12.00
# Visual Studio Version 17
VisualStudioVersion = 17.3.32929.385
MinimumVisualStudioVersion = 10.0.40219.1
Project("{FAE04EC0-301F-11D3-BF4B-00C04F79EFBC}") = "loginForm1", "loginForm1\loginForm1.csproj", "{CC8C8137-FC31-4369-A95C-21DD62E8E159}"
EndProject
Global
	GlobalSection(SolutionConfigurationPlatforms) = preSolution
		Debug|Any CPU = Debug|Any CPU
		Release|Any CPU = Release|Any CPU
	EndGlobalSection
	GlobalSection(ProjectConfigurationPlatforms) = postSolution
		{CC8C8137-FC31-4369-A95C-21DD62E8E159}.Debug|Any CPU.ActiveCfg = Debug|Any CPU
		{CC8C8137-FC31-4369-A95C-21DD62E8E159}.Debug|Any CPU.Build.0 = Debug|Any CPU
		{CC8C8137-FC31-4369-A95C-21DD62E8E159}.Release|Any CPU.ActiveCfg = Release|Any CPU
		{CC8C8137-FC31-4369-A95C-21DD62E8E159}.Release|Any CPU.Build.0 = Release|Any CPU
	EndGlobalSection
	GlobalSection(SolutionProperties) = preSolution
		HideSolutionNode = FALSE
	EndGlobalSection
	GlobalSection(ExtensibilityGlobals) = postSolution
		SolutionGuid = {10B57E6D-36F9-4172-B8A7-C67990B91CDD}
	EndGlobalSection
EndGlobal
